
Microsoft Visual Studio Solution File, Format Version 12.00
# Visual Studio Version 16
VisualStudioVersion = 16.0.29424.173
MinimumVisualStudioVersion = 10.0.40219.1
Project("{9A19103F-16F7-4668-BE54-9A1E7A4F7556}") = "ExaminationSystem.Models", "ExaminationSystem.Models\ExaminationSystem.Models.csproj", "{C2753977-FF86-44DF-8EB1-DCA2BADA5CBA}"
EndProject
Project("{9A19103F-16F7-4668-BE54-9A1E7A4F7556}") = "ExaminationSystem.DataAccess", "ExaminationSystem.DataAccess\ExaminationSystem.DataAccess.csproj", "{16FD7E09-EB93-4A0F-A7A1-53737069AC0D}"
EndProject
Project("{9A19103F-16F7-4668-BE54-9A1E7A4F7556}") = "ExaminationSystem.Business", "ExaminationSystem.Business\ExaminationSystem.Business.csproj", "{BFF0B281-51FE-4204-9318-C7A7E3A90588}"
EndProject
Project("{9A19103F-16F7-4668-BE54-9A1E7A4F7556}") = "ExaminationSystem.Framework", "ExaminationSystem.Framework\ExaminationSystem.Framework.csproj", "{4479634F-A625-4FAC-A8A3-28B5832D4DD5}"
EndProject
Project("{FAE04EC0-301F-11D3-BF4B-00C04F79EFBC}") = "ExaminationSystem.MvcCoreWebUI", "ExaminationSystem.MvcCoreWebUI\ExaminationSystem.MvcCoreWebUI.csproj", "{D0B12F7E-F1C9-4796-A5AA-8B62D16360DF}"
EndProject
Global
	GlobalSection(SolutionConfigurationPlatforms) = preSolution
		Debug|Any CPU = Debug|Any CPU
		Release|Any CPU = Release|Any CPU
	EndGlobalSection
	GlobalSection(ProjectConfigurationPlatforms) = postSolution
		{C2753977-FF86-44DF-8EB1-DCA2BADA5CBA}.Debug|Any CPU.ActiveCfg = Debug|Any CPU
		{C2753977-FF86-44DF-8EB1-DCA2BADA5CBA}.Debug|Any CPU.Build.0 = Debug|Any CPU
		{C2753977-FF86-44DF-8EB1-DCA2BADA5CBA}.Release|Any CPU.ActiveCfg = Release|Any CPU
		{C2753977-FF86-44DF-8EB1-DCA2BADA5CBA}.Release|Any CPU.Build.0 = Release|Any CPU
		{16FD7E09-EB93-4A0F-A7A1-53737069AC0D}.Debug|Any CPU.ActiveCfg = Debug|Any CPU
		{16FD7E09-EB93-4A0F-A7A1-53737069AC0D}.Debug|Any CPU.Build.0 = Debug|Any CPU
		{16FD7E09-EB93-4A0F-A7A1-53737069AC0D}.Release|Any CPU.ActiveCfg = Release|Any CPU
		{16FD7E09-EB93-4A0F-A7A1-53737069AC0D}.Release|Any CPU.Build.0 = Release|Any CPU
		{BFF0B281-51FE-4204-9318-C7A7E3A90588}.Debug|Any CPU.ActiveCfg = Debug|Any CPU
		{BFF0B281-51FE-4204-9318-C7A7E3A90588}.Debug|Any CPU.Build.0 = Debug|Any CPU
		{BFF0B281-51FE-4204-9318-C7A7E3A90588}.Release|Any CPU.ActiveCfg = Release|Any CPU
		{BFF0B281-51FE-4204-9318-C7A7E3A90588}.Release|Any CPU.Build.0 = Release|Any CPU
		{4479634F-A625-4FAC-A8A3-28B5832D4DD5}.Debug|Any CPU.ActiveCfg = Debug|Any CPU
		{4479634F-A625-4FAC-A8A3-28B5832D4DD5}.Debug|Any CPU.Build.0 = Debug|Any CPU
		{4479634F-A625-4FAC-A8A3-28B5832D4DD5}.Release|Any CPU.ActiveCfg = Release|Any CPU
		{4479634F-A625-4FAC-A8A3-28B5832D4DD5}.Release|Any CPU.Build.0 = Release|Any CPU
		{D0B12F7E-F1C9-4796-A5AA-8B62D16360DF}.Debug|Any CPU.ActiveCfg = Debug|Any CPU
		{D0B12F7E-F1C9-4796-A5AA-8B62D16360DF}.Debug|Any CPU.Build.0 = Debug|Any CPU
		{D0B12F7E-F1C9-4796-A5AA-8B62D16360DF}.Release|Any CPU.ActiveCfg = Release|Any CPU
		{D0B12F7E-F1C9-4796-A5AA-8B62D16360DF}.Release|Any CPU.Build.0 = Release|Any CPU
	EndGlobalSection
	GlobalSection(SolutionProperties) = preSolution
		HideSolutionNode = FALSE
	EndGlobalSection
	GlobalSection(ExtensibilityGlobals) = postSolution
		SolutionGuid = {29A7DD98-03AA-4C93-9226-EE94FA9ADB99}
	EndGlobalSection
EndGlobal
